
Microsoft Visual Studio Solution File, Format Version 12.00
# Visual Studio Version 17
VisualStudioVersion = 17.14.36301.6
MinimumVisualStudioVersion = 10.0.40219.1
Project("{FAE04EC0-301F-11D3-BF4B-00C04F79EFBC}") = "CurriculoRedRiders", "CurriculoRedRiders.csproj", "{6CB92661-E895-43E1-8BAE-F253474A1CB2}"
EndProject
Global
	GlobalSection(SolutionConfigurationPlatforms) = preSolution
		Debug|Any CPU = Debug|Any CPU
		Release|Any CPU = Release|Any CPU
	EndGlobalSection
	GlobalSection(ProjectConfigurationPlatforms) = postSolution
		{6CB92661-E895-43E1-8BAE-F253474A1CB2}.Debug|Any CPU.ActiveCfg = Debug|Any CPU
		{6CB92661-E895-43E1-8BAE-F253474A1CB2}.Debug|Any CPU.Build.0 = Debug|Any CPU
		{6CB92661-E895-43E1-8BAE-F253474A1CB2}.Release|Any CPU.ActiveCfg = Release|Any CPU
		{6CB92661-E895-43E1-8BAE-F253474A1CB2}.Release|Any CPU.Build.0 = Release|Any CPU
	EndGlobalSection
	GlobalSection(SolutionProperties) = preSolution
		HideSolutionNode = FALSE
	EndGlobalSection
	GlobalSection(ExtensibilityGlobals) = postSolution
		SolutionGuid = {5525F18D-8614-4F28-A54C-13CD3E9B1FBF}
	EndGlobalSection
EndGlobal
